// !$*UTF8*$!
{
	archiveVersion = 1;
	classes = {
	};
	objectVersion = 50;
	objects = {

/* Begin PBXBuildFile section */
		8B3A0D5BD9D786D772239BFA /* Pods_cloudWalletAssetSwift.framework in Frameworks */ = {isa = PBXBuildFile; fileRef = 9CBCB240F108237F23B4D4A6 /* Pods_cloudWalletAssetSwift.framework */; };
		B02F376420F47D9200767FAA /* AppDelegate.swift in Sources */ = {isa = PBXBuildFile; fileRef = B02F376320F47D9200767FAA /* AppDelegate.swift */; };
		B02F376620F47D9200767FAA /* ViewController.swift in Sources */ = {isa = PBXBuildFile; fileRef = B02F376520F47D9200767FAA /* ViewController.swift */; };
		B02F376920F47D9200767FAA /* Main.storyboard in Resources */ = {isa = PBXBuildFile; fileRef = B02F376720F47D9200767FAA /* Main.storyboard */; };
		B02F376C20F47D9200767FAA /* cloudWalletAssetSwift.xcdatamodeld in Sources */ = {isa = PBXBuildFile; fileRef = B02F376A20F47D9200767FAA /* cloudWalletAssetSwift.xcdatamodeld */; };
		B02F376E20F47D9500767FAA /* Assets.xcassets in Resources */ = {isa = PBXBuildFile; fileRef = B02F376D20F47D9500767FAA /* Assets.xcassets */; };
		B02F377120F47D9500767FAA /* LaunchScreen.storyboard in Resources */ = {isa = PBXBuildFile; fileRef = B02F376F20F47D9500767FAA /* LaunchScreen.storyboard */; };
		B02F377C20F47D9500767FAA /* cloudWalletAssetSwiftTests.swift in Sources */ = {isa = PBXBuildFile; fileRef = B02F377B20F47D9500767FAA /* cloudWalletAssetSwiftTests.swift */; };
		B02F378720F47D9500767FAA /* cloudWalletAssetSwiftUITests.swift in Sources */ = {isa = PBXBuildFile; fileRef = B02F378620F47D9500767FAA /* cloudWalletAssetSwiftUITests.swift */; };
		E6BE95710FCE0D3DD6747C9D /* Pods_cloudWalletAssetSwiftTests.framework in Frameworks */ = {isa = PBXBuildFile; fileRef = F452DC1788392F5B5FFFDB25 /* Pods_cloudWalletAssetSwiftTests.framework */; };
/* End PBXBuildFile section */

/* Begin PBXContainerItemProxy section */
		B02F377820F47D9500767FAA /* PBXContainerItemProxy */ = {
			isa = PBXContainerItemProxy;
			containerPortal = B02F375820F47D9200767FAA /* Project object */;
			proxyType = 1;
			remoteGlobalIDString = B02F375F20F47D9200767FAA;
			remoteInfo = cloudWalletAssetSwift;
		};
		B02F378320F47D9500767FAA /* PBXContainerItemProxy */ = {
			isa = PBXContainerItemProxy;
			containerPortal = B02F375820F47D9200767FAA /* Project object */;
			proxyType = 1;
			remoteGlobalIDString = B02F375F20F47D9200767FAA;
			remoteInfo = cloudWalletAssetSwift;
		};
/* End PBXContainerItemProxy section */

/* Begin PBXFileReference section */
		1D9388C36EB7C7012E3A51D4 /* Pods-cloudWalletAssetSwift.release.xcconfig */ = {isa = PBXFileReference; includeInIndex = 1; lastKnownFileType = text.xcconfig; name = "Pods-cloudWalletAssetSwift.release.xcconfig"; path = "Pods/Target Support Files/Pods-cloudWalletAssetSwift/Pods-cloudWalletAssetSwift.release.xcconfig"; sourceTree = "<group>"; };
		52B5A0C0851BCE89F199A74C /* Pods-cloudWalletAssetSwiftTests.release.xcconfig */ = {isa = PBXFileReference; includeInIndex = 1; lastKnownFileType = text.xcconfig; name = "Pods-cloudWalletAssetSwiftTests.release.xcconfig"; path = "Pods/Target Support Files/Pods-cloudWalletAssetSwiftTests/Pods-cloudWalletAssetSwiftTests.release.xcconfig"; sourceTree = "<group>"; };
		9CBCB240F108237F23B4D4A6 /* Pods_cloudWalletAssetSwift.framework */ = {isa = PBXFileReference; explicitFileType = wrapper.framework; includeInIndex = 0; path = Pods_cloudWalletAssetSwift.framework; sourceTree = BUILT_PRODUCTS_DIR; };
		B02F376020F47D9200767FAA /* cloudWalletAssetSwift.app */ = {isa = PBXFileReference; explicitFileType = wrapper.application; includeInIndex = 0; path = cloudWalletAssetSwift.app; sourceTree = BUILT_PRODUCTS_DIR; };
		B02F376320F47D9200767FAA /* AppDelegate.swift */ = {isa = PBXFileReference; lastKnownFileType = sourcecode.swift; path = AppDelegate.swift; sourceTree = "<group>"; };
		B02F376520F47D9200767FAA /* ViewController.swift */ = {isa = PBXFileReference; lastKnownFileType = sourcecode.swift; path = ViewController.swift; sourceTree = "<group>"; };
		B02F376820F47D9200767FAA /* Base */ = {isa = PBXFileReference; lastKnownFileType = file.storyboard; name = Base; path = Base.lproj/Main.storyboard; sourceTree = "<group>"; };
		B02F376B20F47D9200767FAA /* cloudWalletAssetSwift.xcdatamodel */ = {isa = PBXFileReference; lastKnownFileType = wrapper.xcdatamodel; path = cloudWalletAssetSwift.xcdatamodel; sourceTree = "<group>"; };
		B02F376D20F47D9500767FAA /* Assets.xcassets */ = {isa = PBXFileReference; lastKnownFileType = folder.assetcatalog; path = Assets.xcassets; sourceTree = "<group>"; };
		B02F377020F47D9500767FAA /* Base */ = {isa = PBXFileReference; lastKnownFileType = file.storyboard; name = Base; path = Base.lproj/LaunchScreen.storyboard; sourceTree = "<group>"; };
		B02F377220F47D9500767FAA /* Info.plist */ = {isa = PBXFileReference; lastKnownFileType = text.plist.xml; path = Info.plist; sourceTree = "<group>"; };
		B02F377720F47D9500767FAA /* cloudWalletAssetSwiftTests.xctest */ = {isa = PBXFileReference; explicitFileType = wrapper.cfbundle; includeInIndex = 0; path = cloudWalletAssetSwiftTests.xctest; sourceTree = BUILT_PRODUCTS_DIR; };
		B02F377B20F47D9500767FAA /* cloudWalletAssetSwiftTests.swift */ = {isa = PBXFileReference; lastKnownFileType = sourcecode.swift; path = cloudWalletAssetSwiftTests.swift; sourceTree = "<group>"; };
		B02F377D20F47D9500767FAA /* Info.plist */ = {isa = PBXFileReference; lastKnownFileType = text.plist.xml; path = Info.plist; sourceTree = "<group>"; };
		B02F378220F47D9500767FAA /* cloudWalletAssetSwiftUITests.xctest */ = {isa = PBXFileReference; explicitFileType = wrapper.cfbundle; includeInIndex = 0; path = cloudWalletAssetSwiftUITests.xctest; sourceTree = BUILT_PRODUCTS_DIR; };
		B02F378620F47D9500767FAA /* cloudWalletAssetSwiftUITests.swift */ = {isa = PBXFileReference; lastKnownFileType = sourcecode.swift; path = cloudWalletAssetSwiftUITests.swift; sourceTree = "<group>"; };
		B02F378820F47D9500767FAA /* Info.plist */ = {isa = PBXFileReference; lastKnownFileType = text.plist.xml; path = Info.plist; sourceTree = "<group>"; };
		CA3EA52DA5EC2A6DC522F051 /* Pods-cloudWalletAssetSwiftTests.debug.xcconfig */ = {isa = PBXFileReference; includeInIndex = 1; lastKnownFileType = text.xcconfig; name = "Pods-cloudWalletAssetSwiftTests.debug.xcconfig"; path = "Pods/Target Support Files/Pods-cloudWalletAssetSwiftTests/Pods-cloudWalletAssetSwiftTests.debug.xcconfig"; sourceTree = "<group>"; };
		E6411B83A0C94C80703DC430 /* Pods-cloudWalletAssetSwift.debug.xcconfig */ = {isa = PBXFileReference; includeInIndex = 1; lastKnownFileType = text.xcconfig; name = "Pods-cloudWalletAssetSwift.debug.xcconfig"; path = "Pods/Target Support Files/Pods-cloudWalletAssetSwift/Pods-cloudWalletAssetSwift.debug.xcconfig"; sourceTree = "<group>"; };
		F452DC1788392F5B5FFFDB25 /* Pods_cloudWalletAssetSwiftTests.framework */ = {isa = PBXFileReference; explicitFileType = wrapper.framework; includeInIndex = 0; path = Pods_cloudWalletAssetSwiftTests.framework; sourceTree = BUILT_PRODUCTS_DIR; };
/* End PBXFileReference section */

/* Begin PBXFrameworksBuildPhase section */
		B02F375D20F47D9200767FAA /* Frameworks */ = {
			isa = PBXFrameworksBuildPhase;
			buildActionMask = 2147483647;
			files = (
				8B3A0D5BD9D786D772239BFA /* Pods_cloudWalletAssetSwift.framework in Frameworks */,
			);
			runOnlyForDeploymentPostprocessing = 0;
		};
		B02F377420F47D9500767FAA /* Frameworks */ = {
			isa = PBXFrameworksBuildPhase;
			buildActionMask = 2147483647;
			files = (
				E6BE95710FCE0D3DD6747C9D /* Pods_cloudWalletAssetSwiftTests.framework in Frameworks */,
			);
			runOnlyForDeploymentPostprocessing = 0;
		};
		B02F377F20F47D9500767FAA /* Frameworks */ = {
			isa = PBXFrameworksBuildPhase;
			buildActionMask = 2147483647;
			files = (
			);
			runOnlyForDeploymentPostprocessing = 0;
		};
/* End PBXFrameworksBuildPhase section */

/* Begin PBXGroup section */
		8C7CA9CFEAFE36A0FD52DDEE /* Frameworks */ = {
			isa = PBXGroup;
			children = (
				9CBCB240F108237F23B4D4A6 /* Pods_cloudWalletAssetSwift.framework */,
				F452DC1788392F5B5FFFDB25 /* Pods_cloudWalletAssetSwiftTests.framework */,
			);
			name = Frameworks;
			sourceTree = "<group>";
		};
		9B0E6BAFBE2480CC73A9D260 /* Pods */ = {
			isa = PBXGroup;
			children = (
				E6411B83A0C94C80703DC430 /* Pods-cloudWalletAssetSwift.debug.xcconfig */,
				1D9388C36EB7C7012E3A51D4 /* Pods-cloudWalletAssetSwift.release.xcconfig */,
				CA3EA52DA5EC2A6DC522F051 /* Pods-cloudWalletAssetSwiftTests.debug.xcconfig */,
				52B5A0C0851BCE89F199A74C /* Pods-cloudWalletAssetSwiftTests.release.xcconfig */,
			);
			name = Pods;
			sourceTree = "<group>";
		};
		B02F375720F47D9200767FAA = {
			isa = PBXGroup;
			children = (
				B02F376220F47D9200767FAA /* cloudWalletAssetSwift */,
				B02F377A20F47D9500767FAA /* cloudWalletAssetSwiftTests */,
				B02F378520F47D9500767FAA /* cloudWalletAssetSwiftUITests */,
				B02F376120F47D9200767FAA /* Products */,
				9B0E6BAFBE2480CC73A9D260 /* Pods */,
				8C7CA9CFEAFE36A0FD52DDEE /* Frameworks */,
			);
			sourceTree = "<group>";
		};
		B02F376120F47D9200767FAA /* Products */ = {
			isa = PBXGroup;
			children = (
				B02F376020F47D9200767FAA /* cloudWalletAssetSwift.app */,
				B02F377720F47D9500767FAA /* cloudWalletAssetSwiftTests.xctest */,
				B02F378220F47D9500767FAA /* cloudWalletAssetSwiftUITests.xctest */,
			);
			name = Products;
			sourceTree = "<group>";
		};
		B02F376220F47D9200767FAA /* cloudWalletAssetSwift */ = {
			isa = PBXGroup;
			children = (
				B02F379420F48DDB00767FAA /* Base */,
				B02F376320F47D9200767FAA /* AppDelegate.swift */,
				B02F376520F47D9200767FAA /* ViewController.swift */,
				B02F376720F47D9200767FAA /* Main.storyboard */,
				B02F376D20F47D9500767FAA /* Assets.xcassets */,
				B02F376F20F47D9500767FAA /* LaunchScreen.storyboard */,
				B02F377220F47D9500767FAA /* Info.plist */,
				B02F376A20F47D9200767FAA /* cloudWalletAssetSwift.xcdatamodeld */,
			);
			path = cloudWalletAssetSwift;
			sourceTree = "<group>";
		};
		B02F377A20F47D9500767FAA /* cloudWalletAssetSwiftTests */ = {
			isa = PBXGroup;
			children = (
				B02F377B20F47D9500767FAA /* cloudWalletAssetSwiftTests.swift */,
				B02F377D20F47D9500767FAA /* Info.plist */,
			);
			path = cloudWalletAssetSwiftTests;
			sourceTree = "<group>";
		};
		B02F378520F47D9500767FAA /* cloudWalletAssetSwiftUITests */ = {
			isa = PBXGroup;
			children = (
				B02F378620F47D9500767FAA /* cloudWalletAssetSwiftUITests.swift */,
				B02F378820F47D9500767FAA /* Info.plist */,
			);
			path = cloudWalletAssetSwiftUITests;
			sourceTree = "<group>";
		};
		B02F379420F48DDB00767FAA /* Base */ = {
			isa = PBXGroup;
			children = (
			);
			path = Base;
			sourceTree = "<group>";
		};
/* End PBXGroup section */

/* Begin PBXNativeTarget section */
		B02F375F20F47D9200767FAA /* cloudWalletAssetSwift */ = {
			isa = PBXNativeTarget;
			buildConfigurationList = B02F378B20F47D9500767FAA /* Build configuration list for PBXNativeTarget "cloudWalletAssetSwift" */;
			buildPhases = (
				8D5B0012143674009075C614 /* [CP] Check Pods Manifest.lock */,
				B02F375C20F47D9200767FAA /* Sources */,
				B02F375D20F47D9200767FAA /* Frameworks */,
				B02F375E20F47D9200767FAA /* Resources */,
				F80845E153EB9CACB411ED37 /* [CP] Embed Pods Frameworks */,
			);
			buildRules = (
			);
			dependencies = (
			);
			name = cloudWalletAssetSwift;
			productName = cloudWalletAssetSwift;
			productReference = B02F376020F47D9200767FAA /* cloudWalletAssetSwift.app */;
			productType = "com.apple.product-type.application";
		};
		B02F377620F47D9500767FAA /* cloudWalletAssetSwiftTests */ = {
			isa = PBXNativeTarget;
			buildConfigurationList = B02F378E20F47D9500767FAA /* Build configuration list for PBXNativeTarget "cloudWalletAssetSwiftTests" */;
			buildPhases = (
				4976480061F21F03AAF2AE6C /* [CP] Check Pods Manifest.lock */,
				B02F377320F47D9500767FAA /* Sources */,
				B02F377420F47D9500767FAA /* Frameworks */,
				B02F377520F47D9500767FAA /* Resources */,
				446AF7F42EF0DC029C695D0A /* [CP] Embed Pods Frameworks */,
			);
			buildRules = (
			);
			dependencies = (
				B02F377920F47D9500767FAA /* PBXTargetDependency */,
			);
			name = cloudWalletAssetSwiftTests;
			productName = cloudWalletAssetSwiftTests;
			productReference = B02F377720F47D9500767FAA /* cloudWalletAssetSwiftTests.xctest */;
			productType = "com.apple.product-type.bundle.unit-test";
		};
		B02F378120F47D9500767FAA /* cloudWalletAssetSwiftUITests */ = {
			isa = PBXNativeTarget;
			buildConfigurationList = B02F379120F47D9500767FAA /* Build configuration list for PBXNativeTarget "cloudWalletAssetSwiftUITests" */;
			buildPhases = (
				B02F377E20F47D9500767FAA /* Sources */,
				B02F377F20F47D9500767FAA /* Frameworks */,
				B02F378020F47D9500767FAA /* Resources */,
			);
			buildRules = (
			);
			dependencies = (
				B02F378420F47D9500767FAA /* PBXTargetDependency */,
			);
			name = cloudWalletAssetSwiftUITests;
			productName = cloudWalletAssetSwiftUITests;
			productReference = B02F378220F47D9500767FAA /* cloudWalletAssetSwiftUITests.xctest */;
			productType = "com.apple.product-type.bundle.ui-testing";
		};
/* End PBXNativeTarget section */

/* Begin PBXProject section */
		B02F375820F47D9200767FAA /* Project object */ = {
			isa = PBXProject;
			attributes = {
				LastSwiftUpdateCheck = 0940;
				LastUpgradeCheck = 0940;
				ORGANIZATIONNAME = yinFeili;
				TargetAttributes = {
					B02F375F20F47D9200767FAA = {
						CreatedOnToolsVersion = 9.4;
					};
					B02F377620F47D9500767FAA = {
						CreatedOnToolsVersion = 9.4;
						TestTargetID = B02F375F20F47D9200767FAA;
					};
					B02F378120F47D9500767FAA = {
						CreatedOnToolsVersion = 9.4;
						TestTargetID = B02F375F20F47D9200767FAA;
					};
				};
			};
			buildConfigurationList = B02F375B20F47D9200767FAA /* Build configuration list for PBXProject "cloudWalletAssetSwift" */;
			compatibilityVersion = "Xcode 9.3";
			developmentRegion = en;
			hasScannedForEncodings = 0;
			knownRegions = (
				en,
				Base,
			);
			mainGroup = B02F375720F47D9200767FAA;
			productRefGroup = B02F376120F47D9200767FAA /* Products */;
			projectDirPath = "";
			projectRoot = "";
			targets = (
				B02F375F20F47D9200767FAA /* cloudWalletAssetSwift */,
				B02F377620F47D9500767FAA /* cloudWalletAssetSwiftTests */,
				B02F378120F47D9500767FAA /* cloudWalletAssetSwiftUITests */,
			);
		};
/* End PBXProject section */

/* Begin PBXResourcesBuildPhase section */
		B02F375E20F47D9200767FAA /* Resources */ = {
			isa = PBXResourcesBuildPhase;
			buildActionMask = 2147483647;
			files = (
				B02F377120F47D9500767FAA /* LaunchScreen.storyboard in Resources */,
				B02F376E20F47D9500767FAA /* Assets.xcassets in Resources */,
				B02F376920F47D9200767FAA /* Main.storyboard in Resources */,
			);
			runOnlyForDeploymentPostprocessing = 0;
		};
		B02F377520F47D9500767FAA /* Resources */ = {
			isa = PBXResourcesBuildPhase;
			buildActionMask = 2147483647;
			files = (
			);
			runOnlyForDeploymentPostprocessing = 0;
		};
		B02F378020F47D9500767FAA /* Resources */ = {
			isa = PBXResourcesBuildPhase;
			buildActionMask = 2147483647;
			files = (
			);
			runOnlyForDeploymentPostprocessing = 0;
		};
/* End PBXResourcesBuildPhase section */

/* Begin PBXShellScriptBuildPhase section */
		446AF7F42EF0DC029C695D0A /* [CP] Embed Pods Frameworks */ = {
			isa = PBXShellScriptBuildPhase;
			buildActionMask = 2147483647;
			files = (
			);
			inputPaths = (
				"${SRCROOT}/Pods/Target Support Files/Pods-cloudWalletAssetSwiftTests/Pods-cloudWalletAssetSwiftTests-frameworks.sh",
				"${BUILT_PRODUCTS_DIR}/RxBlocking/RxBlocking.framework",
				"${BUILT_PRODUCTS_DIR}/RxSwift/RxSwift.framework",
				"${BUILT_PRODUCTS_DIR}/RxTest/RxTest.framework",
			);
			name = "[CP] Embed Pods Frameworks";
			outputPaths = (
				"${TARGET_BUILD_DIR}/${FRAMEWORKS_FOLDER_PATH}/RxBlocking.framework",
				"${TARGET_BUILD_DIR}/${FRAMEWORKS_FOLDER_PATH}/RxSwift.framework",
				"${TARGET_BUILD_DIR}/${FRAMEWORKS_FOLDER_PATH}/RxTest.framework",
			);
			runOnlyForDeploymentPostprocessing = 0;
			shellPath = /bin/sh;
			shellScript = "\"${SRCROOT}/Pods/Target Support Files/Pods-cloudWalletAssetSwiftTests/Pods-cloudWalletAssetSwiftTests-frameworks.sh\"\n";
			showEnvVarsInLog = 0;
		};
		4976480061F21F03AAF2AE6C /* [CP] Check Pods Manifest.lock */ = {
			isa = PBXShellScriptBuildPhase;
			buildActionMask = 2147483647;
			files = (
			);
			inputPaths = (
				"${PODS_PODFILE_DIR_PATH}/Podfile.lock",
				"${PODS_ROOT}/Manifest.lock",
			);
			name = "[CP] Check Pods Manifest.lock";
			outputPaths = (
				"$(DERIVED_FILE_DIR)/Pods-cloudWalletAssetSwiftTests-checkManifestLockResult.txt",
			);
			runOnlyForDeploymentPostprocessing = 0;
			shellPath = /bin/sh;
			shellScript = "diff \"${PODS_PODFILE_DIR_PATH}/Podfile.lock\" \"${PODS_ROOT}/Manifest.lock\" > /dev/null\nif [ $? != 0 ] ; then\n    # print error to STDERR\n    echo \"error: The sandbox is not in sync with the Podfile.lock. Run 'pod install' or update your CocoaPods installation.\" >&2\n    exit 1\nfi\n# This output is used by Xcode 'outputs' to avoid re-running this script phase.\necho \"SUCCESS\" > \"${SCRIPT_OUTPUT_FILE_0}\"\n";
			showEnvVarsInLog = 0;
		};
		8D5B0012143674009075C614 /* [CP] Check Pods Manifest.lock */ = {
			isa = PBXShellScriptBuildPhase;
			buildActionMask = 2147483647;
			files = (
			);
			inputPaths = (
				"${PODS_PODFILE_DIR_PATH}/Podfile.lock",
				"${PODS_ROOT}/Manifest.lock",
			);
			name = "[CP] Check Pods Manifest.lock";
			outputPaths = (
				"$(DERIVED_FILE_DIR)/Pods-cloudWalletAssetSwift-checkManifestLockResult.txt",
			);
			runOnlyForDeploymentPostprocessing = 0;
			shellPath = /bin/sh;
			shellScript = "diff \"${PODS_PODFILE_DIR_PATH}/Podfile.lock\" \"${PODS_ROOT}/Manifest.lock\" > /dev/null\nif [ $? != 0 ] ; then\n    # print error to STDERR\n    echo \"error: The sandbox is not in sync with the Podfile.lock. Run 'pod install' or update your CocoaPods installation.\" >&2\n    exit 1\nfi\n# This output is used by Xcode 'outputs' to avoid re-running this script phase.\necho \"SUCCESS\" > \"${SCRIPT_OUTPUT_FILE_0}\"\n";
			showEnvVarsInLog = 0;
		};
		F80845E153EB9CACB411ED37 /* [CP] Embed Pods Frameworks */ = {
			isa = PBXShellScriptBuildPhase;
			buildActionMask = 2147483647;
			files = (
			);
			inputPaths = (
				"${SRCROOT}/Pods/Target Support Files/Pods-cloudWalletAssetSwift/Pods-cloudWalletAssetSwift-frameworks.sh",
				"${BUILT_PRODUCTS_DIR}/Alamofire/Alamofire.framework",
				"${BUILT_PRODUCTS_DIR}/IQKeyboardManager/IQKeyboardManager.framework",
				"${BUILT_PRODUCTS_DIR}/Kingfisher/Kingfisher.framework",
				"${BUILT_PRODUCTS_DIR}/MBProgressHUD/MBProgressHUD.framework",
				"${BUILT_PRODUCTS_DIR}/MJRefresh/MJRefresh.framework",
				"${BUILT_PRODUCTS_DIR}/Masonry/Masonry.framework",
				"${BUILT_PRODUCTS_DIR}/SnapKit/SnapKit.framework",
				"${BUILT_PRODUCTS_DIR}/SwiftyJSON/SwiftyJSON.framework",
			);
			name = "[CP] Embed Pods Frameworks";
			outputPaths = (
				"${TARGET_BUILD_DIR}/${FRAMEWORKS_FOLDER_PATH}/Alamofire.framework",
				"${TARGET_BUILD_DIR}/${FRAMEWORKS_FOLDER_PATH}/IQKeyboardManager.framework",
				"${TARGET_BUILD_DIR}/${FRAMEWORKS_FOLDER_PATH}/Kingfisher.framework",
				"${TARGET_BUILD_DIR}/${FRAMEWORKS_FOLDER_PATH}/MBProgressHUD.framework",
				"${TARGET_BUILD_DIR}/${FRAMEWORKS_FOLDER_PATH}/MJRefresh.framework",
				"${TARGET_BUILD_DIR}/${FRAMEWORKS_FOLDER_PATH}/Masonry.framework",
				"${TARGET_BUILD_DIR}/${FRAMEWORKS_FOLDER_PATH}/SnapKit.framework",
				"${TARGET_BUILD_DIR}/${FRAMEWORKS_FOLDER_PATH}/SwiftyJSON.framework",
			);
			runOnlyForDeploymentPostprocessing = 0;
			shellPath = /bin/sh;
			shellScript = "\"${SRCROOT}/Pods/Target Support Files/Pods-cloudWalletAssetSwift/Pods-cloudWalletAssetSwift-frameworks.sh\"\n";
			showEnvVarsInLog = 0;
		};
/* End PBXShellScriptBuildPhase section */

/* Begin PBXSourcesBuildPhase section */
		B02F375C20F47D9200767FAA /* Sources */ = {
			isa = PBXSourcesBuildPhase;
			buildActionMask = 2147483647;
			files = (
				B02F376620F47D9200767FAA /* ViewController.swift in Sources */,
				B02F376C20F47D9200767FAA /* cloudWalletAssetSwift.xcdatamodeld in Sources */,
				B02F376420F47D9200767FAA /* AppDelegate.swift in Sources */,
			);
			runOnlyForDeploymentPostprocessing = 0;
		};
		B02F377320F47D9500767FAA /* Sources */ = {
			isa = PBXSourcesBuildPhase;
			buildActionMask = 2147483647;
			files = (
				B02F377C20F47D9500767FAA /* cloudWalletAssetSwiftTests.swift in Sources */,
			);
			runOnlyForDeploymentPostprocessing = 0;
		};
		B02F377E20F47D9500767FAA /* Sources */ = {
			isa = PBXSourcesBuildPhase;
			buildActionMask = 2147483647;
			files = (
				B02F378720F47D9500767FAA /* cloudWalletAssetSwiftUITests.swift in Sources */,
			);
			runOnlyForDeploymentPostprocessing = 0;
		};
/* End PBXSourcesBuildPhase section */

/* Begin PBXTargetDependency section */
		B02F377920F47D9500767FAA /* PBXTargetDependency */ = {
			isa = PBXTargetDependency;
			target = B02F375F20F47D9200767FAA /* cloudWalletAssetSwift */;
			targetProxy = B02F377820F47D9500767FAA /* PBXContainerItemProxy */;
		};
		B02F378420F47D9500767FAA /* PBXTargetDependency */ = {
			isa = PBXTargetDependency;
			target = B02F375F20F47D9200767FAA /* cloudWalletAssetSwift */;
			targetProxy = B02F378320F47D9500767FAA /* PBXContainerItemProxy */;
		};
/* End PBXTargetDependency section */

/* Begin PBXVariantGroup section */
		B02F376720F47D9200767FAA /* Main.storyboard */ = {
			isa = PBXVariantGroup;
			children = (
				B02F376820F47D9200767FAA /* Base */,
			);
			name = Main.storyboard;
			sourceTree = "<group>";
		};
		B02F376F20F47D9500767FAA /* LaunchScreen.storyboard */ = {
			isa = PBXVariantGroup;
			children = (
				B02F377020F47D9500767FAA /* Base */,
			);
			name = LaunchScreen.storyboard;
			sourceTree = "<group>";
		};
/* End PBXVariantGroup section */

/* Begin XCBuildConfiguration section */
		B02F378920F47D9500767FAA /* Debug */ = {
			isa = XCBuildConfiguration;
			buildSettings = {
				ALWAYS_SEARCH_USER_PATHS = NO;
				CLANG_ANALYZER_NONNULL = YES;
				CLANG_ANALYZER_NUMBER_OBJECT_CONVERSION = YES_AGGRESSIVE;
				CLANG_CXX_LANGUAGE_STANDARD = "gnu++14";
				CLANG_CXX_LIBRARY = "libc++";
				CLANG_ENABLE_MODULES = YES;
				CLANG_ENABLE_OBJC_ARC = YES;
				CLANG_ENABLE_OBJC_WEAK = YES;
				CLANG_WARN_BLOCK_CAPTURE_AUTORELEASING = YES;
				CLANG_WARN_BOOL_CONVERSION = YES;
				CLANG_WARN_COMMA = YES;
				CLANG_WARN_CONSTANT_CONVERSION = YES;
				CLANG_WARN_DEPRECATED_OBJC_IMPLEMENTATIONS = YES;
				CLANG_WARN_DIRECT_OBJC_ISA_USAGE = YES_ERROR;
				CLANG_WARN_DOCUMENTATION_COMMENTS = YES;
				CLANG_WARN_EMPTY_BODY = YES;
				CLANG_WARN_ENUM_CONVERSION = YES;
				CLANG_WARN_INFINITE_RECURSION = YES;
				CLANG_WARN_INT_CONVERSION = YES;
				CLANG_WARN_NON_LITERAL_NULL_CONVERSION = YES;
				CLANG_WARN_OBJC_IMPLICIT_RETAIN_SELF = YES;
				CLANG_WARN_OBJC_LITERAL_CONVERSION = YES;
				CLANG_WARN_OBJC_ROOT_CLASS = YES_ERROR;
				CLANG_WARN_RANGE_LOOP_ANALYSIS = YES;
				CLANG_WARN_STRICT_PROTOTYPES = YES;
				CLANG_WARN_SUSPICIOUS_MOVE = YES;
				CLANG_WARN_UNGUARDED_AVAILABILITY = YES_AGGRESSIVE;
				CLANG_WARN_UNREACHABLE_CODE = YES;
				CLANG_WARN__DUPLICATE_METHOD_MATCH = YES;
				CODE_SIGN_IDENTITY = "iPhone Developer";
				COPY_PHASE_STRIP = NO;
				DEBUG_INFORMATION_FORMAT = dwarf;
				ENABLE_STRICT_OBJC_MSGSEND = YES;
				ENABLE_TESTABILITY = YES;
				GCC_C_LANGUAGE_STANDARD = gnu11;
				GCC_DYNAMIC_NO_PIC = NO;
				GCC_NO_COMMON_BLOCKS = YES;
				GCC_OPTIMIZATION_LEVEL = 0;
				GCC_PREPROCESSOR_DEFINITIONS = (
					"DEBUG=1",
					"$(inherited)",
				);
				GCC_WARN_64_TO_32_BIT_CONVERSION = YES;
				GCC_WARN_ABOUT_RETURN_TYPE = YES_ERROR;
				GCC_WARN_UNDECLARED_SELECTOR = YES;
				GCC_WARN_UNINITIALIZED_AUTOS = YES_AGGRESSIVE;
				GCC_WARN_UNUSED_FUNCTION = YES;
				GCC_WARN_UNUSED_VARIABLE = YES;
				IPHONEOS_DEPLOYMENT_TARGET = 11.4;
				MTL_ENABLE_DEBUG_INFO = YES;
				ONLY_ACTIVE_ARCH = YES;
				SDKROOT = iphoneos;
				SWIFT_ACTIVE_COMPILATION_CONDITIONS = DEBUG;
				SWIFT_OPTIMIZATION_LEVEL = "-Onone";
			};
			name = Debug;
		};
		B02F378A20F47D9500767FAA /* Release */ = {
			isa = XCBuildConfiguration;
			buildSettings = {
				ALWAYS_SEARCH_USER_PATHS = NO;
				CLANG_ANALYZER_NONNULL = YES;
				CLANG_ANALYZER_NUMBER_OBJECT_CONVERSION = YES_AGGRESSIVE;
				CLANG_CXX_LANGUAGE_STANDARD = "gnu++14";
				CLANG_CXX_LIBRARY = "libc++";
				CLANG_ENABLE_MODULES = YES;
				CLANG_ENABLE_OBJC_ARC = YES;
				CLANG_ENABLE_OBJC_WEAK = YES;
				CLANG_WARN_BLOCK_CAPTURE_AUTORELEASING = YES;
				CLANG_WARN_BOOL_CONVERSION = YES;
				CLANG_WARN_COMMA = YES;
				CLANG_WARN_CONSTANT_CONVERSION = YES;
				CLANG_WARN_DEPRECATED_OBJC_IMPLEMENTATIONS = YES;
				CLANG_WARN_DIRECT_OBJC_ISA_USAGE = YES_ERROR;
				CLANG_WARN_DOCUMENTATION_COMMENTS = YES;
				CLANG_WARN_EMPTY_BODY = YES;
				CLANG_WARN_ENUM_CONVERSION = YES;
				CLANG_WARN_INFINITE_RECURSION = YES;
				CLANG_WARN_INT_CONVERSION = YES;
				CLANG_WARN_NON_LITERAL_NULL_CONVERSION = YES;
				CLANG_WARN_OBJC_IMPLICIT_RETAIN_SELF = YES;
				CLANG_WARN_OBJC_LITERAL_CONVERSION = YES;
				CLANG_WARN_OBJC_ROOT_CLASS = YES_ERROR;
				CLANG_WARN_RANGE_LOOP_ANALYSIS = YES;
				CLANG_WARN_STRICT_PROTOTYPES = YES;
				CLANG_WARN_SUSPICIOUS_MOVE = YES;
				CLANG_WARN_UNGUARDED_AVAILABILITY = YES_AGGRESSIVE;
				CLANG_WARN_UNREACHABLE_CODE = YES;
				CLANG_WARN__DUPLICATE_METHOD_MATCH = YES;
				CODE_SIGN_IDENTITY = "iPhone Developer";
				COPY_PHASE_STRIP = NO;
				DEBUG_INFORMATION_FORMAT = "dwarf-with-dsym";
				ENABLE_NS_ASSERTIONS = NO;
				ENABLE_STRICT_OBJC_MSGSEND = YES;
				GCC_C_LANGUAGE_STANDARD = gnu11;
				GCC_NO_COMMON_BLOCKS = YES;
				GCC_WARN_64_TO_32_BIT_CONVERSION = YES;
				GCC_WARN_ABOUT_RETURN_TYPE = YES_ERROR;
				GCC_WARN_UNDECLARED_SELECTOR = YES;
				GCC_WARN_UNINITIALIZED_AUTOS = YES_AGGRESSIVE;
				GCC_WARN_UNUSED_FUNCTION = YES;
				GCC_WARN_UNUSED_VARIABLE = YES;
				IPHONEOS_DEPLOYMENT_TARGET = 11.4;
				MTL_ENABLE_DEBUG_INFO = NO;
				SDKROOT = iphoneos;
				SWIFT_COMPILATION_MODE = wholemodule;
				SWIFT_OPTIMIZATION_LEVEL = "-O";
				VALIDATE_PRODUCT = YES;
			};
			name = Release;
		};
		B02F378C20F47D9500767FAA /* Debug */ = {
			isa = XCBuildConfiguration;
			baseConfigurationReference = E6411B83A0C94C80703DC430 /* Pods-cloudWalletAssetSwift.debug.xcconfig */;
			buildSettings = {
				ASSETCATALOG_COMPILER_APPICON_NAME = AppIcon;
				CODE_SIGN_STYLE = Automatic;
				DEVELOPMENT_TEAM = 99XZGLJ24P;
				INFOPLIST_FILE = cloudWalletAssetSwift/Info.plist;
				IPHONEOS_DEPLOYMENT_TARGET = 10.0;
				LD_RUNPATH_SEARCH_PATHS = (
					"$(inherited)",
					"@executable_path/Frameworks",
				);
				PRODUCT_BUNDLE_IDENTIFIER = com.cloudWalletAssetSwift;
				PRODUCT_NAME = "$(TARGET_NAME)";
				SWIFT_VERSION = 4.0;
				TARGETED_DEVICE_FAMILY = 1;
			};
			name = Debug;
		};
		B02F378D20F47D9500767FAA /* Release */ = {
			isa = XCBuildConfiguration;
			baseConfigurationReference = 1D9388C36EB7C7012E3A51D4 /* Pods-cloudWalletAssetSwift.release.xcconfig */;
			buildSettings = {
				ASSETCATALOG_COMPILER_APPICON_NAME = AppIcon;
				CODE_SIGN_STYLE = Automatic;
				DEVELOPMENT_TEAM = 99XZGLJ24P;
				INFOPLIST_FILE = cloudWalletAssetSwift/Info.plist;
				IPHONEOS_DEPLOYMENT_TARGET = 10.0;
				LD_RUNPATH_SEARCH_PATHS = (
					"$(inherited)",
					"@executable_path/Frameworks",
				);
				PRODUCT_BUNDLE_IDENTIFIER = com.cloudWalletAssetSwift;
				PRODUCT_NAME = "$(TARGET_NAME)";
				SWIFT_VERSION = 4.0;
				TARGETED_DEVICE_FAMILY = 1;
			};
			name = Release;
		};
		B02F378F20F47D9500767FAA /* Debug */ = {
			isa = XCBuildConfiguration;
			baseConfigurationReference = CA3EA52DA5EC2A6DC522F051 /* Pods-cloudWalletAssetSwiftTests.debug.xcconfig */;
			buildSettings = {
				ALWAYS_EMBED_SWIFT_STANDARD_LIBRARIES = YES;
				BUNDLE_LOADER = "$(TEST_HOST)";
				CODE_SIGN_STYLE = Automatic;
				DEVELOPMENT_TEAM = 99XZGLJ24P;
				INFOPLIST_FILE = cloudWalletAssetSwiftTests/Info.plist;
				LD_RUNPATH_SEARCH_PATHS = (
					"$(inherited)",
					"@executable_path/Frameworks",
					"@loader_path/Frameworks",
				);
				PRODUCT_BUNDLE_IDENTIFIER = com.cloudWalletAssetSwiftTests;
				PRODUCT_NAME = "$(TARGET_NAME)";
				SWIFT_VERSION = 4.0;
				TARGETED_DEVICE_FAMILY = "1,2";
				TEST_HOST = "$(BUILT_PRODUCTS_DIR)/cloudWalletAssetSwift.app/cloudWalletAssetSwift";
			};
			name = Debug;
		};
		B02F379020F47D9500767FAA /* Release */ = {
			isa = XCBuildConfiguration;
			baseConfigurationReference = 52B5A0C0851BCE89F199A74C /* Pods-cloudWalletAssetSwiftTests.release.xcconfig */;
			buildSettings = {
				ALWAYS_EMBED_SWIFT_STANDARD_LIBRARIES = YES;
				BUNDLE_LOADER = "$(TEST_HOST)";
				CODE_SIGN_STYLE = Automatic;
				DEVELOPMENT_TEAM = 99XZGLJ24P;
				INFOPLIST_FILE = cloudWalletAssetSwiftTests/Info.plist;
				LD_RUNPATH_SEARCH_PATHS = (
					"$(inherited)",
					"@executable_path/Frameworks",
					"@loader_path/Frameworks",
				);
				PRODUCT_BUNDLE_IDENTIFIER = com.cloudWalletAssetSwiftTests;
				PRODUCT_NAME = "$(TARGET_NAME)";
				SWIFT_VERSION = 4.0;
				TARGETED_DEVICE_FAMILY = "1,2";
				TEST_HOST = "$(BUILT_PRODUCTS_DIR)/cloudWalletAssetSwift.app/cloudWalletAssetSwift";
			};
			name = Release;
		};
		B02F379220F47D9500767FAA /* Debug */ = {
			isa = XCBuildConfiguration;
			buildSettings = {
				ALWAYS_EMBED_SWIFT_STANDARD_LIBRARIES = YES;
				CODE_SIGN_STYLE = Automatic;
				DEVELOPMENT_TEAM = 99XZGLJ24P;
				INFOPLIST_FILE = cloudWalletAssetSwiftUITests/Info.plist;
				LD_RUNPATH_SEARCH_PATHS = (
					"$(inherited)",
					"@executable_path/Frameworks",
					"@loader_path/Frameworks",
				);
				PRODUCT_BUNDLE_IDENTIFIER = com.cloudWalletAssetSwiftUITests;
				PRODUCT_NAME = "$(TARGET_NAME)";
				SWIFT_VERSION = 4.0;
				TARGETED_DEVICE_FAMILY = "1,2";
				TEST_TARGET_NAME = cloudWalletAssetSwift;
			};
			name = Debug;
		};
		B02F379320F47D9500767FAA /* Release */ = {
			isa = XCBuildConfiguration;
			buildSettings = {
				ALWAYS_EMBED_SWIFT_STANDARD_LIBRARIES = YES;
				CODE_SIGN_STYLE = Automatic;
				DEVELOPMENT_TEAM = 99XZGLJ24P;
				INFOPLIST_FILE = cloudWalletAssetSwiftUITests/Info.plist;
				LD_RUNPATH_SEARCH_PATHS = (
					"$(inherited)",
					"@executable_path/Frameworks",
					"@loader_path/Frameworks",
				);
				PRODUCT_BUNDLE_IDENTIFIER = com.cloudWalletAssetSwiftUITests;
				PRODUCT_NAME = "$(TARGET_NAME)";
				SWIFT_VERSION = 4.0;
				TARGETED_DEVICE_FAMILY = "1,2";
				TEST_TARGET_NAME = cloudWalletAssetSwift;
			};
			name = Release;
		};
/* End XCBuildConfiguration section */

/* Begin XCConfigurationList section */
		B02F375B20F47D9200767FAA /* Build configuration list for PBXProject "cloudWalletAssetSwift" */ = {
			isa = XCConfigurationList;
			buildConfigurations = (
				B02F378920F47D9500767FAA /* Debug */,
				B02F378A20F47D9500767FAA /* Release */,
			);
			defaultConfigurationIsVisible = 0;
			defaultConfigurationName = Release;
		};
		B02F378B20F47D9500767FAA /* Build configuration list for PBXNativeTarget "cloudWalletAssetSwift" */ = {
			isa = XCConfigurationList;
			buildConfigurations = (
				B02F378C20F47D9500767FAA /* Debug */,
				B02F378D20F47D9500767FAA /* Release */,
			);
			defaultConfigurationIsVisible = 0;
			defaultConfigurationName = Release;
		};
		B02F378E20F47D9500767FAA /* Build configuration list for PBXNativeTarget "cloudWalletAssetSwiftTests" */ = {
			isa = XCConfigurationList;
			buildConfigurations = (
				B02F378F20F47D9500767FAA /* Debug */,
				B02F379020F47D9500767FAA /* Release */,
			);
			defaultConfigurationIsVisible = 0;
			defaultConfigurationName = Release;
		};
		B02F379120F47D9500767FAA /* Build configuration list for PBXNativeTarget "cloudWalletAssetSwiftUITests" */ = {
			isa = XCConfigurationList;
			buildConfigurations = (
				B02F379220F47D9500767FAA /* Debug */,
				B02F379320F47D9500767FAA /* Release */,
			);
			defaultConfigurationIsVisible = 0;
			defaultConfigurationName = Release;
		};
/* End XCConfigurationList section */

/* Begin XCVersionGroup section */
		B02F376A20F47D9200767FAA /* cloudWalletAssetSwift.xcdatamodeld */ = {
			isa = XCVersionGroup;
			children = (
				B02F376B20F47D9200767FAA /* cloudWalletAssetSwift.xcdatamodel */,
			);
			currentVersion = B02F376B20F47D9200767FAA /* cloudWalletAssetSwift.xcdatamodel */;
			path = cloudWalletAssetSwift.xcdatamodeld;
			sourceTree = "<group>";
			versionGroupType = wrapper.xcdatamodel;
		};
/* End XCVersionGroup section */
	};
	rootObject = B02F375820F47D9200767FAA /* Project object */;
}
